
Microsoft Visual Studio Solution File, Format Version 12.00
# Visual Studio 15
VisualStudioVersion = 15.0.26730.12
MinimumVisualStudioVersion = 10.0.40219.1
Project("{FAE04EC0-301F-11D3-BF4B-00C04F79EFBC}") = "WindFormsexam", "WindFormsexam\WindFormsexam.csproj", "{9D54288D-D88A-4522-928B-E76CCDCFE033}"
EndProject
Global
	GlobalSection(SolutionConfigurationPlatforms) = preSolution
		Debug|Any CPU = Debug|Any CPU
		Release|Any CPU = Release|Any CPU
	EndGlobalSection
	GlobalSection(ProjectConfigurationPlatforms) = postSolution
		{9D54288D-D88A-4522-928B-E76CCDCFE033}.Debug|Any CPU.ActiveCfg = Debug|Any CPU
		{9D54288D-D88A-4522-928B-E76CCDCFE033}.Debug|Any CPU.Build.0 = Debug|Any CPU
		{9D54288D-D88A-4522-928B-E76CCDCFE033}.Release|Any CPU.ActiveCfg = Release|Any CPU
		{9D54288D-D88A-4522-928B-E76CCDCFE033}.Release|Any CPU.Build.0 = Release|Any CPU
	EndGlobalSection
	GlobalSection(SolutionProperties) = preSolution
		HideSolutionNode = FALSE
	EndGlobalSection
	GlobalSection(ExtensibilityGlobals) = postSolution
		SolutionGuid = {4F7FB7F4-BDC4-4743-82EA-C1297D568832}
	EndGlobalSection
EndGlobal
